
Microsoft Visual Studio Solution File, Format Version 12.00
# Visual Studio 15
VisualStudioVersion = 15.0.28307.705
MinimumVisualStudioVersion = 10.0.40219.1
Project("{FAE04EC0-301F-11D3-BF4B-00C04F79EFBC}") = "ChatApplication", "ChatApplication.csproj", "{273D1D84-0E6A-4DD5-9ABF-EC203FFB7559}"
EndProject
Project("{FAE04EC0-301F-11D3-BF4B-00C04F79EFBC}") = "ChatApplication.Core", "ChatApplication.Core\ChatApplication.Core.csproj", "{7E8C032C-FD6A-4768-A07F-6709F6B92DFC}"
EndProject
Global
	GlobalSection(SolutionConfigurationPlatforms) = preSolution
		Debug|Any CPU = Debug|Any CPU
		Release|Any CPU = Release|Any CPU
	EndGlobalSection
	GlobalSection(ProjectConfigurationPlatforms) = postSolution
		{273D1D84-0E6A-4DD5-9ABF-EC203FFB7559}.Debug|Any CPU.ActiveCfg = Debug|Any CPU
		{273D1D84-0E6A-4DD5-9ABF-EC203FFB7559}.Debug|Any CPU.Build.0 = Debug|Any CPU
		{273D1D84-0E6A-4DD5-9ABF-EC203FFB7559}.Release|Any CPU.ActiveCfg = Release|Any CPU
		{273D1D84-0E6A-4DD5-9ABF-EC203FFB7559}.Release|Any CPU.Build.0 = Release|Any CPU
		{7E8C032C-FD6A-4768-A07F-6709F6B92DFC}.Debug|Any CPU.ActiveCfg = Debug|Any CPU
		{7E8C032C-FD6A-4768-A07F-6709F6B92DFC}.Debug|Any CPU.Build.0 = Debug|Any CPU
		{7E8C032C-FD6A-4768-A07F-6709F6B92DFC}.Release|Any CPU.ActiveCfg = Release|Any CPU
		{7E8C032C-FD6A-4768-A07F-6709F6B92DFC}.Release|Any CPU.Build.0 = Release|Any CPU
	EndGlobalSection
	GlobalSection(SolutionProperties) = preSolution
		HideSolutionNode = FALSE
	EndGlobalSection
	GlobalSection(ExtensibilityGlobals) = postSolution
		SolutionGuid = {18A731EF-0D13-4619-B671-E2186AF68713}
	EndGlobalSection
EndGlobal
